// !$*UTF8*$!
{
	archiveVersion = 1;
	classes = {
	};
	objectVersion = 50;
	objects = {

/* Begin PBXBuildFile section */
		7D06BD9B25ADE40600F01971 /* AppDelegate.swift in Sources */ = {isa = PBXBuildFile; fileRef = 7D06BD9A25ADE40600F01971 /* AppDelegate.swift */; };
		7D06BD9F25ADE40600F01971 /* ViewController.swift in Sources */ = {isa = PBXBuildFile; fileRef = 7D06BD9E25ADE40600F01971 /* ViewController.swift */; };
		7D06BDA425ADE40600F01971 /* Assets.xcassets in Resources */ = {isa = PBXBuildFile; fileRef = 7D06BDA325ADE40600F01971 /* Assets.xcassets */; };
		7D06BDA725ADE40600F01971 /* LaunchScreen.storyboard in Resources */ = {isa = PBXBuildFile; fileRef = 7D06BDA525ADE40600F01971 /* LaunchScreen.storyboard */; };
		7D06BDB325ADE4B100F01971 /* ViewController.xib in Resources */ = {isa = PBXBuildFile; fileRef = 7D06BDB225ADE4B100F01971 /* ViewController.xib */; };
		7DC4E7E825B09A98000C842A /* SMSCodeInputView.swift in Sources */ = {isa = PBXBuildFile; fileRef = 7DC4E7E725B09A98000C842A /* SMSCodeInputView.swift */; };
/* End PBXBuildFile section */

/* Begin PBXFileReference section */
		7D06BD9725ADE40600F01971 /* SMSCode.app */ = {isa = PBXFileReference; explicitFileType = wrapper.application; includeInIndex = 0; path = SMSCode.app; sourceTree = BUILT_PRODUCTS_DIR; };
		7D06BD9A25ADE40600F01971 /* AppDelegate.swift */ = {isa = PBXFileReference; lastKnownFileType = sourcecode.swift; path = AppDelegate.swift; sourceTree = "<group>"; };
		7D06BD9E25ADE40600F01971 /* ViewController.swift */ = {isa = PBXFileReference; lastKnownFileType = sourcecode.swift; path = ViewController.swift; sourceTree = "<group>"; };
		7D06BDA325ADE40600F01971 /* Assets.xcassets */ = {isa = PBXFileReference; lastKnownFileType = folder.assetcatalog; path = Assets.xcassets; sourceTree = "<group>"; };
		7D06BDA625ADE40600F01971 /* Base */ = {isa = PBXFileReference; lastKnownFileType = file.storyboard; name = Base; path = Base.lproj/LaunchScreen.storyboard; sourceTree = "<group>"; };
		7D06BDA825ADE40600F01971 /* Info.plist */ = {isa = PBXFileReference; lastKnownFileType = text.plist.xml; path = Info.plist; sourceTree = "<group>"; };
		7D06BDB225ADE4B100F01971 /* ViewController.xib */ = {isa = PBXFileReference; lastKnownFileType = file.xib; path = ViewController.xib; sourceTree = "<group>"; };
		7DC4E7E725B09A98000C842A /* SMSCodeInputView.swift */ = {isa = PBXFileReference; lastKnownFileType = sourcecode.swift; path = SMSCodeInputView.swift; sourceTree = "<group>"; };
/* End PBXFileReference section */

/* Begin PBXFrameworksBuildPhase section */
		7D06BD9425ADE40600F01971 /* Frameworks */ = {
			isa = PBXFrameworksBuildPhase;
			buildActionMask = 2147483647;
			files = (
			);
			runOnlyForDeploymentPostprocessing = 0;
		};
/* End PBXFrameworksBuildPhase section */

/* Begin PBXGroup section */
		7D06BD8E25ADE40600F01971 = {
			isa = PBXGroup;
			children = (
				7D06BD9925ADE40600F01971 /* SMSCode */,
				7D06BD9825ADE40600F01971 /* Products */,
			);
			sourceTree = "<group>";
		};
		7D06BD9825ADE40600F01971 /* Products */ = {
			isa = PBXGroup;
			children = (
				7D06BD9725ADE40600F01971 /* SMSCode.app */,
			);
			name = Products;
			sourceTree = "<group>";
		};
		7D06BD9925ADE40600F01971 /* SMSCode */ = {
			isa = PBXGroup;
			children = (
				7D06BD9A25ADE40600F01971 /* AppDelegate.swift */,
				7D06BD9E25ADE40600F01971 /* ViewController.swift */,
				7D06BDB225ADE4B100F01971 /* ViewController.xib */,
				7D06BDA325ADE40600F01971 /* Assets.xcassets */,
				7D06BDA525ADE40600F01971 /* LaunchScreen.storyboard */,
				7D06BDA825ADE40600F01971 /* Info.plist */,
				7DC4E7E725B09A98000C842A /* SMSCodeInputView.swift */,
			);
			path = SMSCode;
			sourceTree = "<group>";
		};
/* End PBXGroup section */

/* Begin PBXNativeTarget section */
		7D06BD9625ADE40600F01971 /* SMSCode */ = {
			isa = PBXNativeTarget;
			buildConfigurationList = 7D06BDAB25ADE40600F01971 /* Build configuration list for PBXNativeTarget "SMSCode" */;
			buildPhases = (
				7D06BD9325ADE40600F01971 /* Sources */,
				7D06BD9425ADE40600F01971 /* Frameworks */,
				7D06BD9525ADE40600F01971 /* Resources */,
			);
			buildRules = (
			);
			dependencies = (
			);
			name = SMSCode;
			productName = SMSCode;
			productReference = 7D06BD9725ADE40600F01971 /* SMSCode.app */;
			productType = "com.apple.product-type.application";
		};
/* End PBXNativeTarget section */

/* Begin PBXProject section */
		7D06BD8F25ADE40600F01971 /* Project object */ = {
			isa = PBXProject;
			attributes = {
				LastSwiftUpdateCheck = 1230;
				LastUpgradeCheck = 1230;
				TargetAttributes = {
					7D06BD9625ADE40600F01971 = {
						CreatedOnToolsVersion = 12.3;
					};
				};
			};
			buildConfigurationList = 7D06BD9225ADE40600F01971 /* Build configuration list for PBXProject "SMSCode" */;
			compatibilityVersion = "Xcode 9.3";
			developmentRegion = en;
			hasScannedForEncodings = 0;
			knownRegions = (
				en,
				Base,
			);
			mainGroup = 7D06BD8E25ADE40600F01971;
			productRefGroup = 7D06BD9825ADE40600F01971 /* Products */;
			projectDirPath = "";
			projectRoot = "";
			targets = (
				7D06BD9625ADE40600F01971 /* SMSCode */,
			);
		};
/* End PBXProject section */

/* Begin PBXResourcesBuildPhase section */
		7D06BD9525ADE40600F01971 /* Resources */ = {
			isa = PBXResourcesBuildPhase;
			buildActionMask = 2147483647;
			files = (
				7D06BDA725ADE40600F01971 /* LaunchScreen.storyboard in Resources */,
				7D06BDB325ADE4B100F01971 /* ViewController.xib in Resources */,
				7D06BDA425ADE40600F01971 /* Assets.xcassets in Resources */,
			);
			runOnlyForDeploymentPostprocessing = 0;
		};
/* End PBXResourcesBuildPhase section */

/* Begin PBXSourcesBuildPhase section */
		7D06BD9325ADE40600F01971 /* Sources */ = {
			isa = PBXSourcesBuildPhase;
			buildActionMask = 2147483647;
			files = (
				7DC4E7E825B09A98000C842A /* SMSCodeInputView.swift in Sources */,
				7D06BD9F25ADE40600F01971 /* ViewController.swift in Sources */,
				7D06BD9B25ADE40600F01971 /* AppDelegate.swift in Sources */,
			);
			runOnlyForDeploymentPostprocessing = 0;
		};
/* End PBXSourcesBuildPhase section */

/* Begin PBXVariantGroup section */
		7D06BDA525ADE40600F01971 /* LaunchScreen.storyboard */ = {
			isa = PBXVariantGroup;
			children = (
				7D06BDA625ADE40600F01971 /* Base */,
			);
			name = LaunchScreen.storyboard;
			sourceTree = "<group>";
		};
/* End PBXVariantGroup section */

/* Begin XCBuildConfiguration section */
		7D06BDA925ADE40600F01971 /* Debug */ = {
			isa = XCBuildConfiguration;
			buildSettings = {
				ALWAYS_SEARCH_USER_PATHS = NO;
				CLANG_ANALYZER_NONNULL = YES;
				CLANG_ANALYZER_NUMBER_OBJECT_CONVERSION = YES_AGGRESSIVE;
				CLANG_CXX_LANGUAGE_STANDARD = "gnu++14";
				CLANG_CXX_LIBRARY = "libc++";
				CLANG_ENABLE_MODULES = YES;
				CLANG_ENABLE_OBJC_ARC = YES;
				CLANG_ENABLE_OBJC_WEAK = YES;
				CLANG_WARN_BLOCK_CAPTURE_AUTORELEASING = YES;
				CLANG_WARN_BOOL_CONVERSION = YES;
				CLANG_WARN_COMMA = YES;
				CLANG_WARN_CONSTANT_CONVERSION = YES;
				CLANG_WARN_DEPRECATED_OBJC_IMPLEMENTATIONS = YES;
				CLANG_WARN_DIRECT_OBJC_ISA_USAGE = YES_ERROR;
				CLANG_WARN_DOCUMENTATION_COMMENTS = YES;
				CLANG_WARN_EMPTY_BODY = YES;
				CLANG_WARN_ENUM_CONVERSION = YES;
				CLANG_WARN_INFINITE_RECURSION = YES;
				CLANG_WARN_INT_CONVERSION = YES;
				CLANG_WARN_NON_LITERAL_NULL_CONVERSION = YES;
				CLANG_WARN_OBJC_IMPLICIT_RETAIN_SELF = YES;
				CLANG_WARN_OBJC_LITERAL_CONVERSION = YES;
				CLANG_WARN_OBJC_ROOT_CLASS = YES_ERROR;
				CLANG_WARN_QUOTED_INCLUDE_IN_FRAMEWORK_HEADER = YES;
				CLANG_WARN_RANGE_LOOP_ANALYSIS = YES;
				CLANG_WARN_STRICT_PROTOTYPES = YES;
				CLANG_WARN_SUSPICIOUS_MOVE = YES;
				CLANG_WARN_UNGUARDED_AVAILABILITY = YES_AGGRESSIVE;
				CLANG_WARN_UNREACHABLE_CODE = YES;
				CLANG_WARN__DUPLICATE_METHOD_MATCH = YES;
				COPY_PHASE_STRIP = NO;
				DEBUG_INFORMATION_FORMAT = dwarf;
				ENABLE_STRICT_OBJC_MSGSEND = YES;
				ENABLE_TESTABILITY = YES;
				GCC_C_LANGUAGE_STANDARD = gnu11;
				GCC_DYNAMIC_NO_PIC = NO;
				GCC_NO_COMMON_BLOCKS = YES;
				GCC_OPTIMIZATION_LEVEL = 0;
				GCC_PREPROCESSOR_DEFINITIONS = (
					"DEBUG=1",
					"$(inherited)",
				);
				GCC_WARN_64_TO_32_BIT_CONVERSION = YES;
				GCC_WARN_ABOUT_RETURN_TYPE = YES_ERROR;
				GCC_WARN_UNDECLARED_SELECTOR = YES;
				GCC_WARN_UNINITIALIZED_AUTOS = YES_AGGRESSIVE;
				GCC_WARN_UNUSED_FUNCTION = YES;
				GCC_WARN_UNUSED_VARIABLE = YES;
				IPHONEOS_DEPLOYMENT_TARGET = 14.3;
				MTL_ENABLE_DEBUG_INFO = INCLUDE_SOURCE;
				MTL_FAST_MATH = YES;
				ONLY_ACTIVE_ARCH = YES;
				SDKROOT = iphoneos;
				SWIFT_ACTIVE_COMPILATION_CONDITIONS = DEBUG;
				SWIFT_OPTIMIZATION_LEVEL = "-Onone";
			};
			name = Debug;
		};
		7D06BDAA25ADE40600F01971 /* Release */ = {
			isa = XCBuildConfiguration;
			buildSettings = {
				ALWAYS_SEARCH_USER_PATHS = NO;
				CLANG_ANALYZER_NONNULL = YES;
				CLANG_ANALYZER_NUMBER_OBJECT_CONVERSION = YES_AGGRESSIVE;
				CLANG_CXX_LANGUAGE_STANDARD = "gnu++14";
				CLANG_CXX_LIBRARY = "libc++";
				CLANG_ENABLE_MODULES = YES;
				CLANG_ENABLE_OBJC_ARC = YES;
				CLANG_ENABLE_OBJC_WEAK = YES;
				CLANG_WARN_BLOCK_CAPTURE_AUTORELEASING = YES;
				CLANG_WARN_BOOL_CONVERSION = YES;
				CLANG_WARN_COMMA = YES;
				CLANG_WARN_CONSTANT_CONVERSION = YES;
				CLANG_WARN_DEPRECATED_OBJC_IMPLEMENTATIONS = YES;
				CLANG_WARN_DIRECT_OBJC_ISA_USAGE = YES_ERROR;
				CLANG_WARN_DOCUMENTATION_COMMENTS = YES;
				CLANG_WARN_EMPTY_BODY = YES;
				CLANG_WARN_ENUM_CONVERSION = YES;
				CLANG_WARN_INFINITE_RECURSION = YES;
				CLANG_WARN_INT_CONVERSION = YES;
				CLANG_WARN_NON_LITERAL_NULL_CONVERSION = YES;
				CLANG_WARN_OBJC_IMPLICIT_RETAIN_SELF = YES;
				CLANG_WARN_OBJC_LITERAL_CONVERSION = YES;
				CLANG_WARN_OBJC_ROOT_CLASS = YES_ERROR;
				CLANG_WARN_QUOTED_INCLUDE_IN_FRAMEWORK_HEADER = YES;
				CLANG_WARN_RANGE_LOOP_ANALYSIS = YES;
				CLANG_WARN_STRICT_PROTOTYPES = YES;
				CLANG_WARN_SUSPICIOUS_MOVE = YES;
				CLANG_WARN_UNGUARDED_AVAILABILITY = YES_AGGRESSIVE;
				CLANG_WARN_UNREACHABLE_CODE = YES;
				CLANG_WARN__DUPLICATE_METHOD_MATCH = YES;
				COPY_PHASE_STRIP = NO;
				DEBUG_INFORMATION_FORMAT = "dwarf-with-dsym";
				ENABLE_NS_ASSERTIONS = NO;
				ENABLE_STRICT_OBJC_MSGSEND = YES;
				GCC_C_LANGUAGE_STANDARD = gnu11;
				GCC_NO_COMMON_BLOCKS = YES;
				GCC_WARN_64_TO_32_BIT_CONVERSION = YES;
				GCC_WARN_ABOUT_RETURN_TYPE = YES_ERROR;
				GCC_WARN_UNDECLARED_SELECTOR = YES;
				GCC_WARN_UNINITIALIZED_AUTOS = YES_AGGRESSIVE;
				GCC_WARN_UNUSED_FUNCTION = YES;
				GCC_WARN_UNUSED_VARIABLE = YES;
				IPHONEOS_DEPLOYMENT_TARGET = 14.3;
				MTL_ENABLE_DEBUG_INFO = NO;
				MTL_FAST_MATH = YES;
				SDKROOT = iphoneos;
				SWIFT_COMPILATION_MODE = wholemodule;
				SWIFT_OPTIMIZATION_LEVEL = "-O";
				VALIDATE_PRODUCT = YES;
			};
			name = Release;
		};
		7D06BDAC25ADE40600F01971 /* Debug */ = {
			isa = XCBuildConfiguration;
			buildSettings = {
				ASSETCATALOG_COMPILER_APPICON_NAME = AppIcon;
				ASSETCATALOG_COMPILER_GLOBAL_ACCENT_COLOR_NAME = AccentColor;
				CODE_SIGN_STYLE = Automatic;
				DEVELOPMENT_TEAM = BN24Y3J4Q6;
				INFOPLIST_FILE = SMSCode/Info.plist;
				IPHONEOS_DEPLOYMENT_TARGET = 10.0;
				LD_RUNPATH_SEARCH_PATHS = (
					"$(inherited)",
					"@executable_path/Frameworks",
				);
				PRODUCT_BUNDLE_IDENTIFIER = lalafo.SMSCode;
				PRODUCT_NAME = "$(TARGET_NAME)";
				SWIFT_VERSION = 5.0;
				TARGETED_DEVICE_FAMILY = "1,2";
			};
			name = Debug;
		};
		7D06BDAD25ADE40600F01971 /* Release */ = {
			isa = XCBuildConfiguration;
			buildSettings = {
				ASSETCATALOG_COMPILER_APPICON_NAME = AppIcon;
				ASSETCATALOG_COMPILER_GLOBAL_ACCENT_COLOR_NAME = AccentColor;
				CODE_SIGN_STYLE = Automatic;
				DEVELOPMENT_TEAM = BN24Y3J4Q6;
				INFOPLIST_FILE = SMSCode/Info.plist;
				IPHONEOS_DEPLOYMENT_TARGET = 10.0;
				LD_RUNPATH_SEARCH_PATHS = (
					"$(inherited)",
					"@executable_path/Frameworks",
				);
				PRODUCT_BUNDLE_IDENTIFIER = lalafo.SMSCode;
				PRODUCT_NAME = "$(TARGET_NAME)";
				SWIFT_VERSION = 5.0;
				TARGETED_DEVICE_FAMILY = "1,2";
			};
			name = Release;
		};
/* End XCBuildConfiguration section */

/* Begin XCConfigurationList section */
		7D06BD9225ADE40600F01971 /* Build configuration list for PBXProject "SMSCode" */ = {
			isa = XCConfigurationList;
			buildConfigurations = (
				7D06BDA925ADE40600F01971 /* Debug */,
				7D06BDAA25ADE40600F01971 /* Release */,
			);
			defaultConfigurationIsVisible = 0;
			defaultConfigurationName = Release;
		};
		7D06BDAB25ADE40600F01971 /* Build configuration list for PBXNativeTarget "SMSCode" */ = {
			isa = XCConfigurationList;
			buildConfigurations = (
				7D06BDAC25ADE40600F01971 /* Debug */,
				7D06BDAD25ADE40600F01971 /* Release */,
			);
			defaultConfigurationIsVisible = 0;
			defaultConfigurationName = Release;
		};
/* End XCConfigurationList section */
	};
	rootObject = 7D06BD8F25ADE40600F01971 /* Project object */;
}
